
Microsoft Visual Studio Solution File, Format Version 12.00
# Visual Studio 15
VisualStudioVersion = 15.0.27130.2003
MinimumVisualStudioVersion = 10.0.40219.1
Project("{FAE04EC0-301F-11D3-BF4B-00C04F79EFBC}") = "AkkaSystem", "AkkaSystem\AkkaSystem.csproj", "{851E63B4-30A1-4B76-9592-55808BB701E4}"
EndProject
Project("{FAE04EC0-301F-11D3-BF4B-00C04F79EFBC}") = "AkkaSystemTests", "AkkaSystemTests\AkkaSystemTests.csproj", "{19FD022C-3BCA-473B-809B-3FD680880ED2}"
EndProject
Global
	GlobalSection(SolutionConfigurationPlatforms) = preSolution
		Debug|Any CPU = Debug|Any CPU
		Release|Any CPU = Release|Any CPU
	EndGlobalSection
	GlobalSection(ProjectConfigurationPlatforms) = postSolution
		{851E63B4-30A1-4B76-9592-55808BB701E4}.Debug|Any CPU.ActiveCfg = Debug|Any CPU
		{851E63B4-30A1-4B76-9592-55808BB701E4}.Debug|Any CPU.Build.0 = Debug|Any CPU
		{851E63B4-30A1-4B76-9592-55808BB701E4}.Release|Any CPU.ActiveCfg = Release|Any CPU
		{851E63B4-30A1-4B76-9592-55808BB701E4}.Release|Any CPU.Build.0 = Release|Any CPU
		{19FD022C-3BCA-473B-809B-3FD680880ED2}.Debug|Any CPU.ActiveCfg = Debug|Any CPU
		{19FD022C-3BCA-473B-809B-3FD680880ED2}.Debug|Any CPU.Build.0 = Debug|Any CPU
		{19FD022C-3BCA-473B-809B-3FD680880ED2}.Release|Any CPU.ActiveCfg = Release|Any CPU
		{19FD022C-3BCA-473B-809B-3FD680880ED2}.Release|Any CPU.Build.0 = Release|Any CPU
	EndGlobalSection
	GlobalSection(SolutionProperties) = preSolution
		HideSolutionNode = FALSE
	EndGlobalSection
	GlobalSection(ExtensibilityGlobals) = postSolution
		SolutionGuid = {CB1FA960-77AF-4484-B5AE-9AAEB6BE5A12}
	EndGlobalSection
EndGlobal
